// !$*UTF8*$!
{
	archiveVersion = 1;
	classes = {
	};
	objectVersion = 55;
	objects = {

/* Begin PBXBuildFile section */
		01DA79D75BB0E2B70C0133EF /* Graphaello.swift in Sources */ = {isa = PBXBuildFile; fileRef = 620870B54DE9C0913D2F2D71 /* Graphaello.swift */; };
		B1849DE827A407AB00900974 /* SwiftGraphQL in Frameworks */ = {isa = PBXBuildFile; productRef = B1849DE727A407AB00900974 /* SwiftGraphQL */; };
		B1849E6527A9AF9100900974 /* AutoGenerated.swift in Sources */ = {isa = PBXBuildFile; fileRef = B1849E6427A9AF9100900974 /* AutoGenerated.swift */; };
		B19553CC27A2D5E20021E14C /* Queries.graphql in Resources */ = {isa = PBXBuildFile; fileRef = B19553CB27A2D5E20021E14C /* Queries.graphql */; };
		B19553D127A2EA990021E14C /* schema.json in Resources */ = {isa = PBXBuildFile; fileRef = B19553D027A2EA990021E14C /* schema.json */; };
		B19553D327A2EAB30021E14C /* API.swift in Sources */ = {isa = PBXBuildFile; fileRef = B19553D227A2EAB30021E14C /* API.swift */; };
		B19553D527A2EACF0021E14C /* ApolloWrapper.swift in Sources */ = {isa = PBXBuildFile; fileRef = B19553D427A2EACF0021E14C /* ApolloWrapper.swift */; };
		B19553D727A2EB1F0021E14C /* Constants.swift in Sources */ = {isa = PBXBuildFile; fileRef = B19553D627A2EB1F0021E14C /* Constants.swift */; };
		B19553D927A2EC060021E14C /* ApolloFilmsView.swift in Sources */ = {isa = PBXBuildFile; fileRef = B19553D827A2EC060021E14C /* ApolloFilmsView.swift */; };
		B1FA9476278CA989005BD162 /* GraphQL_PlaygroundApp.swift in Sources */ = {isa = PBXBuildFile; fileRef = B1FA9475278CA989005BD162 /* GraphQL_PlaygroundApp.swift */; };
		B1FA9478278CA989005BD162 /* ContentView.swift in Sources */ = {isa = PBXBuildFile; fileRef = B1FA9477278CA989005BD162 /* ContentView.swift */; };
		B1FA947A278CA98C005BD162 /* Assets.xcassets in Resources */ = {isa = PBXBuildFile; fileRef = B1FA9479278CA98C005BD162 /* Assets.xcassets */; };
		B1FA947D278CA98C005BD162 /* Preview Assets.xcassets in Resources */ = {isa = PBXBuildFile; fileRef = B1FA947C278CA98C005BD162 /* Preview Assets.xcassets */; };
		B1FA9485278CAF6C005BD162 /* Apollo in Frameworks */ = {isa = PBXBuildFile; productRef = B1FA9484278CAF6C005BD162 /* Apollo */; };
		B1FA9487278CAF6C005BD162 /* ApolloWebSocket in Frameworks */ = {isa = PBXBuildFile; productRef = B1FA9486278CAF6C005BD162 /* ApolloWebSocket */; };
		DE70535FB5D4F744570B8E29 /* SW.graphql.json in Resources */ = {isa = PBXBuildFile; fileRef = E5DF725CA46B707A4A1F173A /* SW.graphql.json */; };
/* End PBXBuildFile section */

/* Begin PBXFileReference section */
		620870B54DE9C0913D2F2D71 /* Graphaello.swift */ = {isa = PBXFileReference; explicitFileType = sourcecode.swift; path = Graphaello.swift; sourceTree = "<group>"; };
		B1849DEA27A4107A00900974 /* SwiftGraphQLAPI.swift */ = {isa = PBXFileReference; fileEncoding = 4; lastKnownFileType = sourcecode.swift; path = SwiftGraphQLAPI.swift; sourceTree = "<group>"; };
		B1849DEB27A4107A00900974 /* swiftgraphql.yml */ = {isa = PBXFileReference; fileEncoding = 4; lastKnownFileType = text.yaml; path = swiftgraphql.yml; sourceTree = "<group>"; };
		B1849DEE27A4114F00900974 /* SwiftGraphQLFilmsView.swift */ = {isa = PBXFileReference; fileEncoding = 4; lastKnownFileType = sourcecode.swift; path = SwiftGraphQLFilmsView.swift; sourceTree = "<group>"; };
		B1849DF027A4123A00900974 /* SwiftGraphQLWrapper.swift */ = {isa = PBXFileReference; lastKnownFileType = sourcecode.swift; path = SwiftGraphQLWrapper.swift; sourceTree = "<group>"; };
		B1849E6427A9AF9100900974 /* AutoGenerated.swift */ = {isa = PBXFileReference; fileEncoding = 4; lastKnownFileType = sourcecode.swift; path = AutoGenerated.swift; sourceTree = "<group>"; };
		B19553CB27A2D5E20021E14C /* Queries.graphql */ = {isa = PBXFileReference; fileEncoding = 4; lastKnownFileType = text; path = Queries.graphql; sourceTree = "<group>"; };
		B19553D027A2EA990021E14C /* schema.json */ = {isa = PBXFileReference; fileEncoding = 4; lastKnownFileType = text.json; path = schema.json; sourceTree = "<group>"; };
		B19553D227A2EAB30021E14C /* API.swift */ = {isa = PBXFileReference; fileEncoding = 4; lastKnownFileType = sourcecode.swift; path = API.swift; sourceTree = "<group>"; };
		B19553D427A2EACF0021E14C /* ApolloWrapper.swift */ = {isa = PBXFileReference; lastKnownFileType = sourcecode.swift; path = ApolloWrapper.swift; sourceTree = "<group>"; };
		B19553D627A2EB1F0021E14C /* Constants.swift */ = {isa = PBXFileReference; lastKnownFileType = sourcecode.swift; path = Constants.swift; sourceTree = "<group>"; };
		B19553D827A2EC060021E14C /* ApolloFilmsView.swift */ = {isa = PBXFileReference; lastKnownFileType = sourcecode.swift; path = ApolloFilmsView.swift; sourceTree = "<group>"; };
		B1FA9472278CA988005BD162 /* GraphQL-Playground.app */ = {isa = PBXFileReference; explicitFileType = wrapper.application; includeInIndex = 0; path = "GraphQL-Playground.app"; sourceTree = BUILT_PRODUCTS_DIR; };
		B1FA9475278CA989005BD162 /* GraphQL_PlaygroundApp.swift */ = {isa = PBXFileReference; lastKnownFileType = sourcecode.swift; path = GraphQL_PlaygroundApp.swift; sourceTree = "<group>"; };
		B1FA9477278CA989005BD162 /* ContentView.swift */ = {isa = PBXFileReference; lastKnownFileType = sourcecode.swift; path = ContentView.swift; sourceTree = "<group>"; };
		B1FA9479278CA98C005BD162 /* Assets.xcassets */ = {isa = PBXFileReference; lastKnownFileType = folder.assetcatalog; path = Assets.xcassets; sourceTree = "<group>"; };
		B1FA947C278CA98C005BD162 /* Preview Assets.xcassets */ = {isa = PBXFileReference; lastKnownFileType = folder.assetcatalog; path = "Preview Assets.xcassets"; sourceTree = "<group>"; };
		E5DF725CA46B707A4A1F173A /* SW.graphql.json */ = {isa = PBXFileReference; explicitFileType = text.json; path = SW.graphql.json; sourceTree = "<group>"; };
/* End PBXFileReference section */

/* Begin PBXFrameworksBuildPhase section */
		B1FA946F278CA988005BD162 /* Frameworks */ = {
			isa = PBXFrameworksBuildPhase;
			buildActionMask = 2147483647;
			files = (
				B1FA9485278CAF6C005BD162 /* Apollo in Frameworks */,
				B1849DE827A407AB00900974 /* SwiftGraphQL in Frameworks */,
				B1FA9487278CAF6C005BD162 /* ApolloWebSocket in Frameworks */,
			);
			runOnlyForDeploymentPostprocessing = 0;
		};
/* End PBXFrameworksBuildPhase section */

/* Begin PBXGroup section */
		B1849DE527A4042400900974 /* Graphaello */ = {
			isa = PBXGroup;
			children = (
				620870B54DE9C0913D2F2D71 /* Graphaello.swift */,
				E5DF725CA46B707A4A1F173A /* SW.graphql.json */,
			);
			path = Graphaello;
			sourceTree = "<group>";
		};
		B1849DE927A4107A00900974 /* SwiftGraphQL */ = {
			isa = PBXGroup;
			children = (
				B1849DEA27A4107A00900974 /* SwiftGraphQLAPI.swift */,
				B1849DEE27A4114F00900974 /* SwiftGraphQLFilmsView.swift */,
				B1849DF027A4123A00900974 /* SwiftGraphQLWrapper.swift */,
				B1849DEB27A4107A00900974 /* swiftgraphql.yml */,
			);
			path = SwiftGraphQL;
			sourceTree = "<group>";
		};
		B1849E6327A9AF7900900974 /* Autogenerated */ = {
			isa = PBXGroup;
			children = (
				B1849E6427A9AF9100900974 /* AutoGenerated.swift */,
			);
			path = Autogenerated;
			sourceTree = "<group>";
		};
		B19553CF27A2EA520021E14C /* Apollo */ = {
			isa = PBXGroup;
			children = (
				B19553D227A2EAB30021E14C /* API.swift */,
				B19553D427A2EACF0021E14C /* ApolloWrapper.swift */,
				B19553D827A2EC060021E14C /* ApolloFilmsView.swift */,
			);
			path = Apollo;
			sourceTree = "<group>";
		};
		B1FA9469278CA988005BD162 = {
			isa = PBXGroup;
			children = (
				B1FA9474278CA988005BD162 /* GraphQL-Playground */,
				B1FA9473278CA988005BD162 /* Products */,
			);
			sourceTree = "<group>";
		};
		B1FA9473278CA988005BD162 /* Products */ = {
			isa = PBXGroup;
			children = (
				B1FA9472278CA988005BD162 /* GraphQL-Playground.app */,
			);
			name = Products;
			sourceTree = "<group>";
		};
		B1FA9474278CA988005BD162 /* GraphQL-Playground */ = {
			isa = PBXGroup;
			children = (
				B19553CB27A2D5E20021E14C /* Queries.graphql */,
				B19553D027A2EA990021E14C /* schema.json */,
				B19553D627A2EB1F0021E14C /* Constants.swift */,
				B1FA9477278CA989005BD162 /* ContentView.swift */,
				B1FA9475278CA989005BD162 /* GraphQL_PlaygroundApp.swift */,
				B1FA9479278CA98C005BD162 /* Assets.xcassets */,
				B19553CF27A2EA520021E14C /* Apollo */,
				B1849E6327A9AF7900900974 /* Autogenerated */,
				B1849DE527A4042400900974 /* Graphaello */,
				B1FA947B278CA98C005BD162 /* Preview Content */,
				B1849DE927A4107A00900974 /* SwiftGraphQL */,
			);
			path = "GraphQL-Playground";
			sourceTree = "<group>";
		};
		B1FA947B278CA98C005BD162 /* Preview Content */ = {
			isa = PBXGroup;
			children = (
				B1FA947C278CA98C005BD162 /* Preview Assets.xcassets */,
			);
			path = "Preview Content";
			sourceTree = "<group>";
		};
/* End PBXGroup section */

/* Begin PBXNativeTarget section */
		B1FA9471278CA988005BD162 /* GraphQL-Playground */ = {
			isa = PBXNativeTarget;
			buildConfigurationList = B1FA9480278CA98C005BD162 /* Build configuration list for PBXNativeTarget "GraphQL-Playground" */;
			buildPhases = (
				B1FA97A6278DA34F005BD162 /* Apollo */,
				F3F593E2057AD5CB9E691F13 /* Graphaello */,
				B1FA946E278CA988005BD162 /* Sources */,
				B1FA946F278CA988005BD162 /* Frameworks */,
				B1FA9470278CA988005BD162 /* Resources */,
			);
			buildRules = (
			);
			dependencies = (
			);
			name = "GraphQL-Playground";
			packageProductDependencies = (
				B1FA9484278CAF6C005BD162 /* Apollo */,
				B1FA9486278CAF6C005BD162 /* ApolloWebSocket */,
				B1849DE727A407AB00900974 /* SwiftGraphQL */,
			);
			productName = "GraphQL-Playground";
			productReference = B1FA9472278CA988005BD162 /* GraphQL-Playground.app */;
			productType = "com.apple.product-type.application";
		};
/* End PBXNativeTarget section */

/* Begin PBXProject section */
		B1FA946A278CA988005BD162 /* Project object */ = {
			isa = PBXProject;
			attributes = {
				BuildIndependentTargetsInParallel = 1;
				LastSwiftUpdateCheck = 1310;
				LastUpgradeCheck = 1310;
				TargetAttributes = {
					B1FA9471278CA988005BD162 = {
						CreatedOnToolsVersion = 13.1;
					};
				};
			};
			buildConfigurationList = B1FA946D278CA988005BD162 /* Build configuration list for PBXProject "GraphQL-Playground" */;
			compatibilityVersion = "Xcode 13.0";
			developmentRegion = en;
			hasScannedForEncodings = 0;
			knownRegions = (
				en,
				Base,
			);
			mainGroup = B1FA9469278CA988005BD162;
			packageReferences = (
				B1FA9483278CAF6C005BD162 /* XCRemoteSwiftPackageReference "apollo-ios" */,
				B1849DE627A407AB00900974 /* XCRemoteSwiftPackageReference "swift-graphql" */,
			);
			productRefGroup = B1FA9473278CA988005BD162 /* Products */;
			projectDirPath = "";
			projectRoot = "";
			targets = (
				B1FA9471278CA988005BD162 /* GraphQL-Playground */,
			);
		};
/* End PBXProject section */

/* Begin PBXResourcesBuildPhase section */
		B1FA9470278CA988005BD162 /* Resources */ = {
			isa = PBXResourcesBuildPhase;
			buildActionMask = 2147483647;
			files = (
				B19553D127A2EA990021E14C /* schema.json in Resources */,
				B19553CC27A2D5E20021E14C /* Queries.graphql in Resources */,
				B1FA947D278CA98C005BD162 /* Preview Assets.xcassets in Resources */,
				B1FA947A278CA98C005BD162 /* Assets.xcassets in Resources */,
				DE70535FB5D4F744570B8E29 /* SW.graphql.json in Resources */,
			);
			runOnlyForDeploymentPostprocessing = 0;
		};
/* End PBXResourcesBuildPhase section */

/* Begin PBXShellScriptBuildPhase section */
		B1FA97A6278DA34F005BD162 /* Apollo */ = {
			isa = PBXShellScriptBuildPhase;
			buildActionMask = 2147483647;
			files = (
			);
			inputFileListPaths = (
			);
			inputPaths = (
			);
			name = Apollo;
			outputFileListPaths = (
			);
			outputPaths = (
			);
			runOnlyForDeploymentPostprocessing = 0;
			shellPath = /bin/sh;
			shellScript = "# Don't run this during index builds\nif [ $ACTION = \"indexbuild\" ]; then exit 0; fi\n\n# Go to the build root and search up the chain to find the Derived Data Path where the source packages are checked out.\nDERIVED_DATA_CANDIDATE=\"${BUILD_ROOT}\"\n\nwhile ! [ -d \"${DERIVED_DATA_CANDIDATE}/SourcePackages\" ]; do\n  if [ \"${DERIVED_DATA_CANDIDATE}\" = / ]; then\n    echo >&2 \"error: Unable to locate SourcePackages directory from BUILD_ROOT: '${BUILD_ROOT}'\"\n    exit 1\n  fi\n\n  DERIVED_DATA_CANDIDATE=\"$(dirname \"${DERIVED_DATA_CANDIDATE}\")\"\ndone\n\n# Grab a reference to the directory where scripts are checked out\nSCRIPT_PATH=\"${DERIVED_DATA_CANDIDATE}/SourcePackages/checkouts/apollo-ios/scripts\"\n\nif [ -z \"${SCRIPT_PATH}\" ]; then\n    echo >&2 \"error: Couldn't find the CLI script in your checked out SPM packages; make sure to add the framework to your project.\"\n    exit 1\nfi\n\ncd \"${SRCROOT}/${TARGET_NAME}\"\n# Generates code\n\"${SCRIPT_PATH}\"/run-bundled-codegen.sh codegen:generate --target=swift --includes=./**/*.graphql --localSchemaFile=\"schema.json\" Apollo/API.swift\n# This downloads the schema\n#\"${SCRIPT_PATH}\"/run-bundled-codegen.sh schema:download --endpoint=\"http://localhost:63482/\"\n";
		};
		F3F593E2057AD5CB9E691F13 /* Graphaello */ = {
			isa = PBXShellScriptBuildPhase;
			buildActionMask = 2147483647;
			files = (
			);
			inputPaths = (
			);
			name = Graphaello;
			outputPaths = (
			);
			runOnlyForDeploymentPostprocessing = 0;
			shellPath = /bin/sh;
			shellScript = "if ! type \"graphaello\" > /dev/null; then\n  echo \"warning: graphaello is not installed on your machine. Your project won't be updated automatically\"\n  exit 0\nfi\ngraphaello codegen --project $PROJECT_FILE_PATH --apollo derivedData";
		};
/* End PBXShellScriptBuildPhase section */

/* Begin PBXSourcesBuildPhase section */
		B1FA946E278CA988005BD162 /* Sources */ = {
			isa = PBXSourcesBuildPhase;
			buildActionMask = 2147483647;
			files = (
				B19553D727A2EB1F0021E14C /* Constants.swift in Sources */,
				B19553D927A2EC060021E14C /* ApolloFilmsView.swift in Sources */,
				B1FA9478278CA989005BD162 /* ContentView.swift in Sources */,
				B19553D327A2EAB30021E14C /* API.swift in Sources */,
				B1FA9476278CA989005BD162 /* GraphQL_PlaygroundApp.swift in Sources */,
				B19553D527A2EACF0021E14C /* ApolloWrapper.swift in Sources */,
				B1849E6527A9AF9100900974 /* AutoGenerated.swift in Sources */,
				01DA79D75BB0E2B70C0133EF /* Graphaello.swift in Sources */,
			);
			runOnlyForDeploymentPostprocessing = 0;
		};
/* End PBXSourcesBuildPhase section */

/* Begin XCBuildConfiguration section */
		B1FA947E278CA98C005BD162 /* Debug */ = {
			isa = XCBuildConfiguration;
			buildSettings = {
				ALWAYS_SEARCH_USER_PATHS = NO;
				CLANG_ANALYZER_NONNULL = YES;
				CLANG_ANALYZER_NUMBER_OBJECT_CONVERSION = YES_AGGRESSIVE;
				CLANG_CXX_LANGUAGE_STANDARD = "gnu++17";
				CLANG_CXX_LIBRARY = "libc++";
				CLANG_ENABLE_MODULES = YES;
				CLANG_ENABLE_OBJC_ARC = YES;
				CLANG_ENABLE_OBJC_WEAK = YES;
				CLANG_WARN_BLOCK_CAPTURE_AUTORELEASING = YES;
				CLANG_WARN_BOOL_CONVERSION = YES;
				CLANG_WARN_COMMA = YES;
				CLANG_WARN_CONSTANT_CONVERSION = YES;
				CLANG_WARN_DEPRECATED_OBJC_IMPLEMENTATIONS = YES;
				CLANG_WARN_DIRECT_OBJC_ISA_USAGE = YES_ERROR;
				CLANG_WARN_DOCUMENTATION_COMMENTS = YES;
				CLANG_WARN_EMPTY_BODY = YES;
				CLANG_WARN_ENUM_CONVERSION = YES;
				CLANG_WARN_INFINITE_RECURSION = YES;
				CLANG_WARN_INT_CONVERSION = YES;
				CLANG_WARN_NON_LITERAL_NULL_CONVERSION = YES;
				CLANG_WARN_OBJC_IMPLICIT_RETAIN_SELF = YES;
				CLANG_WARN_OBJC_LITERAL_CONVERSION = YES;
				CLANG_WARN_OBJC_ROOT_CLASS = YES_ERROR;
				CLANG_WARN_QUOTED_INCLUDE_IN_FRAMEWORK_HEADER = YES;
				CLANG_WARN_RANGE_LOOP_ANALYSIS = YES;
				CLANG_WARN_STRICT_PROTOTYPES = YES;
				CLANG_WARN_SUSPICIOUS_MOVE = YES;
				CLANG_WARN_UNGUARDED_AVAILABILITY = YES_AGGRESSIVE;
				CLANG_WARN_UNREACHABLE_CODE = YES;
				CLANG_WARN__DUPLICATE_METHOD_MATCH = YES;
				COPY_PHASE_STRIP = NO;
				DEBUG_INFORMATION_FORMAT = dwarf;
				ENABLE_STRICT_OBJC_MSGSEND = YES;
				ENABLE_TESTABILITY = YES;
				GCC_C_LANGUAGE_STANDARD = gnu11;
				GCC_DYNAMIC_NO_PIC = NO;
				GCC_NO_COMMON_BLOCKS = YES;
				GCC_OPTIMIZATION_LEVEL = 0;
				GCC_PREPROCESSOR_DEFINITIONS = (
					"DEBUG=1",
					"$(inherited)",
				);
				GCC_WARN_64_TO_32_BIT_CONVERSION = YES;
				GCC_WARN_ABOUT_RETURN_TYPE = YES_ERROR;
				GCC_WARN_UNDECLARED_SELECTOR = YES;
				GCC_WARN_UNINITIALIZED_AUTOS = YES_AGGRESSIVE;
				GCC_WARN_UNUSED_FUNCTION = YES;
				GCC_WARN_UNUSED_VARIABLE = YES;
				IPHONEOS_DEPLOYMENT_TARGET = 15.0;
				MTL_ENABLE_DEBUG_INFO = INCLUDE_SOURCE;
				MTL_FAST_MATH = YES;
				ONLY_ACTIVE_ARCH = YES;
				SDKROOT = iphoneos;
				SWIFT_ACTIVE_COMPILATION_CONDITIONS = DEBUG;
				SWIFT_OPTIMIZATION_LEVEL = "-Onone";
			};
			name = Debug;
		};
		B1FA947F278CA98C005BD162 /* Release */ = {
			isa = XCBuildConfiguration;
			buildSettings = {
				ALWAYS_SEARCH_USER_PATHS = NO;
				CLANG_ANALYZER_NONNULL = YES;
				CLANG_ANALYZER_NUMBER_OBJECT_CONVERSION = YES_AGGRESSIVE;
				CLANG_CXX_LANGUAGE_STANDARD = "gnu++17";
				CLANG_CXX_LIBRARY = "libc++";
				CLANG_ENABLE_MODULES = YES;
				CLANG_ENABLE_OBJC_ARC = YES;
				CLANG_ENABLE_OBJC_WEAK = YES;
				CLANG_WARN_BLOCK_CAPTURE_AUTORELEASING = YES;
				CLANG_WARN_BOOL_CONVERSION = YES;
				CLANG_WARN_COMMA = YES;
				CLANG_WARN_CONSTANT_CONVERSION = YES;
				CLANG_WARN_DEPRECATED_OBJC_IMPLEMENTATIONS = YES;
				CLANG_WARN_DIRECT_OBJC_ISA_USAGE = YES_ERROR;
				CLANG_WARN_DOCUMENTATION_COMMENTS = YES;
				CLANG_WARN_EMPTY_BODY = YES;
				CLANG_WARN_ENUM_CONVERSION = YES;
				CLANG_WARN_INFINITE_RECURSION = YES;
				CLANG_WARN_INT_CONVERSION = YES;
				CLANG_WARN_NON_LITERAL_NULL_CONVERSION = YES;
				CLANG_WARN_OBJC_IMPLICIT_RETAIN_SELF = YES;
				CLANG_WARN_OBJC_LITERAL_CONVERSION = YES;
				CLANG_WARN_OBJC_ROOT_CLASS = YES_ERROR;
				CLANG_WARN_QUOTED_INCLUDE_IN_FRAMEWORK_HEADER = YES;
				CLANG_WARN_RANGE_LOOP_ANALYSIS = YES;
				CLANG_WARN_STRICT_PROTOTYPES = YES;
				CLANG_WARN_SUSPICIOUS_MOVE = YES;
				CLANG_WARN_UNGUARDED_AVAILABILITY = YES_AGGRESSIVE;
				CLANG_WARN_UNREACHABLE_CODE = YES;
				CLANG_WARN__DUPLICATE_METHOD_MATCH = YES;
				COPY_PHASE_STRIP = NO;
				DEBUG_INFORMATION_FORMAT = "dwarf-with-dsym";
				ENABLE_NS_ASSERTIONS = NO;
				ENABLE_STRICT_OBJC_MSGSEND = YES;
				GCC_C_LANGUAGE_STANDARD = gnu11;
				GCC_NO_COMMON_BLOCKS = YES;
				GCC_WARN_64_TO_32_BIT_CONVERSION = YES;
				GCC_WARN_ABOUT_RETURN_TYPE = YES_ERROR;
				GCC_WARN_UNDECLARED_SELECTOR = YES;
				GCC_WARN_UNINITIALIZED_AUTOS = YES_AGGRESSIVE;
				GCC_WARN_UNUSED_FUNCTION = YES;
				GCC_WARN_UNUSED_VARIABLE = YES;
				IPHONEOS_DEPLOYMENT_TARGET = 15.0;
				MTL_ENABLE_DEBUG_INFO = NO;
				MTL_FAST_MATH = YES;
				SDKROOT = iphoneos;
				SWIFT_COMPILATION_MODE = wholemodule;
				SWIFT_OPTIMIZATION_LEVEL = "-O";
				VALIDATE_PRODUCT = YES;
			};
			name = Release;
		};
		B1FA9481278CA98C005BD162 /* Debug */ = {
			isa = XCBuildConfiguration;
			buildSettings = {
				ASSETCATALOG_COMPILER_APPICON_NAME = AppIcon;
				ASSETCATALOG_COMPILER_GLOBAL_ACCENT_COLOR_NAME = AccentColor;
				CODE_SIGN_STYLE = Automatic;
				CURRENT_PROJECT_VERSION = 1;
				DEVELOPMENT_ASSET_PATHS = "\"GraphQL-Playground/Preview Content\"";
				DEVELOPMENT_TEAM = 33S76L7542;
				ENABLE_PREVIEWS = YES;
				GENERATE_INFOPLIST_FILE = YES;
				INFOPLIST_KEY_UIApplicationSceneManifest_Generation = YES;
				INFOPLIST_KEY_UIApplicationSupportsIndirectInputEvents = YES;
				INFOPLIST_KEY_UILaunchScreen_Generation = YES;
				INFOPLIST_KEY_UISupportedInterfaceOrientations_iPad = "UIInterfaceOrientationPortrait UIInterfaceOrientationPortraitUpsideDown UIInterfaceOrientationLandscapeLeft UIInterfaceOrientationLandscapeRight";
				INFOPLIST_KEY_UISupportedInterfaceOrientations_iPhone = "UIInterfaceOrientationPortrait UIInterfaceOrientationLandscapeLeft UIInterfaceOrientationLandscapeRight";
				LD_RUNPATH_SEARCH_PATHS = (
					"$(inherited)",
					"@executable_path/Frameworks",
				);
				MARKETING_VERSION = 1.0;
				PRODUCT_BUNDLE_IDENTIFIER = "dowjones.GraphQL-Playground";
				PRODUCT_NAME = "$(TARGET_NAME)";
				SWIFT_ACTIVE_COMPILATION_CONDITIONS = "$(inherited) GRAPHAELLO_GRAPH_QL_PLAYGROUND_TARGET";
				SWIFT_EMIT_LOC_STRINGS = YES;
				SWIFT_VERSION = 5.0;
				TARGETED_DEVICE_FAMILY = "1,2";
			};
			name = Debug;
		};
		B1FA9482278CA98C005BD162 /* Release */ = {
			isa = XCBuildConfiguration;
			buildSettings = {
				ASSETCATALOG_COMPILER_APPICON_NAME = AppIcon;
				ASSETCATALOG_COMPILER_GLOBAL_ACCENT_COLOR_NAME = AccentColor;
				CODE_SIGN_STYLE = Automatic;
				CURRENT_PROJECT_VERSION = 1;
				DEVELOPMENT_ASSET_PATHS = "\"GraphQL-Playground/Preview Content\"";
				DEVELOPMENT_TEAM = 33S76L7542;
				ENABLE_PREVIEWS = YES;
				GENERATE_INFOPLIST_FILE = YES;
				INFOPLIST_KEY_UIApplicationSceneManifest_Generation = YES;
				INFOPLIST_KEY_UIApplicationSupportsIndirectInputEvents = YES;
				INFOPLIST_KEY_UILaunchScreen_Generation = YES;
				INFOPLIST_KEY_UISupportedInterfaceOrientations_iPad = "UIInterfaceOrientationPortrait UIInterfaceOrientationPortraitUpsideDown UIInterfaceOrientationLandscapeLeft UIInterfaceOrientationLandscapeRight";
				INFOPLIST_KEY_UISupportedInterfaceOrientations_iPhone = "UIInterfaceOrientationPortrait UIInterfaceOrientationLandscapeLeft UIInterfaceOrientationLandscapeRight";
				LD_RUNPATH_SEARCH_PATHS = (
					"$(inherited)",
					"@executable_path/Frameworks",
				);
				MARKETING_VERSION = 1.0;
				PRODUCT_BUNDLE_IDENTIFIER = "dowjones.GraphQL-Playground";
				PRODUCT_NAME = "$(TARGET_NAME)";
				SWIFT_ACTIVE_COMPILATION_CONDITIONS = "$(inherited) GRAPHAELLO_GRAPH_QL_PLAYGROUND_TARGET";
				SWIFT_EMIT_LOC_STRINGS = YES;
				SWIFT_VERSION = 5.0;
				TARGETED_DEVICE_FAMILY = "1,2";
			};
			name = Release;
		};
/* End XCBuildConfiguration section */

/* Begin XCConfigurationList section */
		B1FA946D278CA988005BD162 /* Build configuration list for PBXProject "GraphQL-Playground" */ = {
			isa = XCConfigurationList;
			buildConfigurations = (
				B1FA947E278CA98C005BD162 /* Debug */,
				B1FA947F278CA98C005BD162 /* Release */,
			);
			defaultConfigurationIsVisible = 0;
			defaultConfigurationName = Release;
		};
		B1FA9480278CA98C005BD162 /* Build configuration list for PBXNativeTarget "GraphQL-Playground" */ = {
			isa = XCConfigurationList;
			buildConfigurations = (
				B1FA9481278CA98C005BD162 /* Debug */,
				B1FA9482278CA98C005BD162 /* Release */,
			);
			defaultConfigurationIsVisible = 0;
			defaultConfigurationName = Release;
		};
/* End XCConfigurationList section */

/* Begin XCRemoteSwiftPackageReference section */
		B1849DE627A407AB00900974 /* XCRemoteSwiftPackageReference "swift-graphql" */ = {
			isa = XCRemoteSwiftPackageReference;
			repositoryURL = "https://github.com/maticzav/swift-graphql";
			requirement = {
				kind = upToNextMajorVersion;
				minimumVersion = 2.0.0;
			};
		};
		B1FA9483278CAF6C005BD162 /* XCRemoteSwiftPackageReference "apollo-ios" */ = {
			isa = XCRemoteSwiftPackageReference;
			repositoryURL = "https://github.com/apollographql/apollo-ios";
			requirement = {
				kind = upToNextMinorVersion;
				minimumVersion = 0.40.0;
			};
		};
/* End XCRemoteSwiftPackageReference section */

/* Begin XCSwiftPackageProductDependency section */
		B1849DE727A407AB00900974 /* SwiftGraphQL */ = {
			isa = XCSwiftPackageProductDependency;
			package = B1849DE627A407AB00900974 /* XCRemoteSwiftPackageReference "swift-graphql" */;
			productName = SwiftGraphQL;
		};
		B1FA9484278CAF6C005BD162 /* Apollo */ = {
			isa = XCSwiftPackageProductDependency;
			package = B1FA9483278CAF6C005BD162 /* XCRemoteSwiftPackageReference "apollo-ios" */;
			productName = Apollo;
		};
		B1FA9486278CAF6C005BD162 /* ApolloWebSocket */ = {
			isa = XCSwiftPackageProductDependency;
			package = B1FA9483278CAF6C005BD162 /* XCRemoteSwiftPackageReference "apollo-ios" */;
			productName = ApolloWebSocket;
		};
/* End XCSwiftPackageProductDependency section */
	};
	rootObject = B1FA946A278CA988005BD162 /* Project object */;
}
